
Microsoft Visual Studio Solution File, Format Version 12.00
# Visual Studio Version 16
VisualStudioVersion = 16.0.30104.148
MinimumVisualStudioVersion = 10.0.40219.1
Project("{F184B08F-C81C-45F6-A57F-5ABD9991F28F}") = "FacturaSencillaJCG", "FacturaSencillaJCG\FacturaSencillaJCG.vbproj", "{DE151086-27C0-4408-AB7B-2B315E3E50C7}"
EndProject
Global
	GlobalSection(SolutionConfigurationPlatforms) = preSolution
		Debug|Any CPU = Debug|Any CPU
		Release|Any CPU = Release|Any CPU
	EndGlobalSection
	GlobalSection(ProjectConfigurationPlatforms) = postSolution
		{DE151086-27C0-4408-AB7B-2B315E3E50C7}.Debug|Any CPU.ActiveCfg = Debug|Any CPU
		{DE151086-27C0-4408-AB7B-2B315E3E50C7}.Debug|Any CPU.Build.0 = Debug|Any CPU
		{DE151086-27C0-4408-AB7B-2B315E3E50C7}.Release|Any CPU.ActiveCfg = Release|Any CPU
		{DE151086-27C0-4408-AB7B-2B315E3E50C7}.Release|Any CPU.Build.0 = Release|Any CPU
	EndGlobalSection
	GlobalSection(SolutionProperties) = preSolution
		HideSolutionNode = FALSE
	EndGlobalSection
	GlobalSection(ExtensibilityGlobals) = postSolution
		SolutionGuid = {CF63A5C4-65AD-4D39-90A0-184CB3F4FDAF}
	EndGlobalSection
EndGlobal
